hash: 692b6e00919597293746e2c2a0b2c645fc550be9be89951aa10afafd1a4e5c6b
updated: 2018-02-20T18:14:25.806846-08:00
imports:
- name: github.com/apache/thrift
  version: b2a4d4ae21c789b689dd162deb819665567f481c
  subpackages:
  - lib/go/thrift
- name: github.com/benbjohnson/clock
  version: 7dc76406b6d3c05b5f71a86293cbcf3c4ea03b19
- name: github.com/beorn7/perks
  version: 4c0e84591b9aa9e6dcfdf3e020114cd81f89d5f9
  subpackages:
  - quantile
- name: github.com/bsm/sarama-cluster
  version: 3001c2453136632aa3219a58ea3795bb584b83b5
- name: github.com/cactus/go-statsd-client
  version: 138b925ccdf617776955904ba7759fce64406cec
  subpackages:
  - statsd
- name: github.com/davecgh/go-spew
  version: 04cdfd42973bb9c8589fd6a731800cf222fde1a9
  subpackages:
  - spew
- name: github.com/dgryski/go-farm
  version: e2d0fe22b456fa0a35cd883ba355ecfcf1881490
- name: github.com/eapache/go-resiliency
  version: b1fe83b5b03f624450823b751b662259ffc6af70
  subpackages:
  - breaker
- name: github.com/eapache/go-xerial-snappy
  version: bb955e01b9346ac19dc29eb16586c90ded99a98c
- name: github.com/eapache/queue
  version: 44cc805cf13205b55f69e14bcb69867d1ae92f98
- name: github.com/emirpasic/gods
  version: f6c17b524822278a87e3b3bd809fec33b51f5b46
  subpackages:
  - containers
  - maps
  - maps/treemap
  - trees
  - trees/redblacktree
  - utils
- name: github.com/facebookgo/clock
  version: 600d898af40aa09a7a93ecb9265d87b0504b6f03
- name: github.com/fatih/color
  version: 507f6050b8568533fb3f5504de8e5205fa62a114
- name: github.com/gocql/gocql
  version: ca7d33956650d92d29e6db7fe901e23d0f0e3359
  subpackages:
  - internal/lru
  - internal/murmur
  - internal/streams
- name: github.com/golang/mock
  version: 13f360950a79f5864a972c786a10a50e44b69541
  subpackages:
  - gomock
- name: github.com/golang/protobuf
  version: 925541529c1fa6821df4e44ce2723319eb2be768
  subpackages:
  - proto
- name: github.com/golang/snappy
  version: 553a641470496b2327abcac10b36396bd98e45c9
- name: github.com/hailocab/go-hostpool
  version: e80d13ce29ede4452c43dea11e79b9bc8a15b478
- name: github.com/mattn/go-runewidth
  version: 97311d9f7767e3d6f422ea06661bc2c7a19e8a5d
- name: github.com/matttproud/golang_protobuf_extensions
  version: c12348ce28de40eed0136aa2b644d0ee0650e56c
  subpackages:
  - pbutil
- name: github.com/olekukonko/tablewriter
  version: b8a9be070da40449e501c3c4730a889e42d87a9e
- name: github.com/opentracing/opentracing-go
  version: 1949ddbfd147afd4d964a9f00b24eb291e0e7c38
  subpackages:
  - ext
  - log
- name: github.com/pborman/uuid
  version: e790cca94e6cc75c7064b1332e63811d4aae1a53
- name: github.com/pierrec/lz4
  version: 2fcda4cb7018ce05a25959d2fe08c83e3329f169
- name: github.com/pierrec/xxHash
  version: a0006b13c722f7f12368c00a3d3c2ae8a999a0c6
  subpackages:
  - xxHash32
- name: github.com/pmezard/go-difflib
  version: d8ed2627bdf02c080bf22230dbb337003b7aba2d
  subpackages:
  - difflib
- name: github.com/prometheus/client_golang
  version: c5b7fccd204277076155f10851dad72b76a49317
  subpackages:
  - prometheus
  - prometheus/promhttp
- name: github.com/prometheus/client_model
  version: 6f3806018612930941127f2a7c6c453ba2c527d2
  subpackages:
  - go
- name: github.com/prometheus/common
  version: 49fee292b27bfff7f354ee0f64e1bc4850462edf
  subpackages:
  - expfmt
  - internal/bitbucket.org/ww/goautoneg
  - model
- name: github.com/prometheus/procfs
  version: a1dba9ce8baed984a2495b658c82687f8157b98f
  subpackages:
  - xfs
- name: github.com/rcrowley/go-metrics
  version: 1f30fe9094a513ce4c700b9a54458bbb0c96996c
- name: github.com/Shopify/sarama
  version: f7be6aa2bc7b2e38edf816b08b582782194a1c02
- name: github.com/sirupsen/logrus
  version: 3d4380f53a34dcdc95f0c1db702615992b38d9a4
- name: github.com/stretchr/objx
  version: cbeaeb16a013161a98496fad62933b1d21786672
- name: github.com/stretchr/testify
  version: 890a5c3458b43e6104ff5da8dfa139d013d77544
  subpackages:
  - assert
  - mock
  - require
  - suite
- name: github.com/uber-common/bark
  version: dbf558e8a7b65e2b54e1e01c14ee0e4207a865f5
- name: github.com/uber-go/atomic
  version: 8474b86a5a6f79c443ce4b2992817ff32cf208b8
  subpackages:
  - utils
- name: github.com/uber-go/kafka-client
  version: 01a7eeb4f9ea6e4c16a6ec5d159076c88244c947
  subpackages:
  - internal/consumer
  - internal/list
  - internal/metrics
  - internal/util
  - kafka
- name: github.com/uber-go/mapdecode
  version: 718b4994083e432669f44a00174c5f1bcdb1434d
  subpackages:
  - internal/mapstructure
- name: github.com/uber-go/tally
  version: 522328b48efad0c6034dba92bf39228694e9d31f
  subpackages:
  - m3
  - m3/customtransports
  - m3/thrift
  - m3/thriftudp
  - statsd
- name: github.com/uber/ringpop-go
  version: 08d399785ee54fdae8e4bd8b7b481673f52739cc
  subpackages:
  - discovery
  - discovery/jsonfile
  - discovery/statichosts
  - events
  - forward
  - hashring
  - logging
  - membership
  - shared
  - swim
  - util
- name: github.com/uber/tchannel-go
  version: acd4eb54c11531814d9cd0344fdc53bebe86ab12
  subpackages:
  - internal/argreader
  - json
  - raw
  - relay
  - thrift
  - thrift/gen-go/meta
  - thrift/thrift-gen
  - tnet
  - tos
  - trand
  - typed
- name: github.com/urfave/cli
  version: cf33a9befefdd6c6ea1a236ab6d546e797a62cbf
- name: go.uber.org/atomic
  version: 8474b86a5a6f79c443ce4b2992817ff32cf208b8
- name: go.uber.org/cadence
  version: 570324de7bb1008983846c97ee4d80d24e277854
- name: go.uber.org/multierr
  version: 3c4937480c32f4c13a875a1829af76c98ca3d40a
- name: go.uber.org/net/metrics
  version: 1e19de5b971489a45d178e12a0f72a78c70e300e
  subpackages:
  - bucket
  - push
  - tallypush
- name: go.uber.org/thriftrw
  version: 6216e5bb19132c14e979cf9c62abae6f022a0c0d
  subpackages:
  - version
- name: go.uber.org/yarpc
  version: 112080bb21323a681a9b269fa7b5a1489558aab0
  subpackages:
  - api/backoff
  - api/encoding
  - api/middleware
  - api/peer
  - api/transport
  - encoding/thrift/thriftrw-plugin-yarpc
  - internal
  - internal/backoff
  - internal/bufferpool
  - internal/config
  - internal/digester
  - internal/errorsync
  - internal/humanize
  - internal/inboundmiddleware
  - internal/interpolate
  - internal/introspection
  - internal/iopool
  - internal/observability
  - internal/outboundmiddleware
  - internal/request
  - internal/yarpcerrors
  - peer
  - peer/hostport
  - pkg/errors
  - pkg/lifecycle
  - transport/http
  - transport/tchannel
  - transport/tchannel/internal
  - yarpcconfig
  - yarpcerrors
- name: go.uber.org/zap
  version: 35aad584952c3e7020db7b839f6b102de6271f89
  subpackages:
  - buffer
  - internal/bufferpool
  - internal/color
  - internal/exit
  - zapcore
- name: golang.org/x/net
  version: cbe0f9307d0156177f9dd5dc85da1a31abc5f2fb
  repo: https://github.com/golang/net
  subpackages:
  - bpf
  - context
  - internal/iana
  - internal/socket
  - ipv4
  - ipv6
- name: golang.org/x/sys
  version: 9a7256cb28ed514b4e1e5f68959914c4c28a92e0
  repo: https://github.com/golang/sys
  subpackages:
  - unix
- name: golang.org/x/time
  version: 6dc17368e09b0e8634d71cac8168d853e869a0c7
  subpackages:
  - rate
- name: gopkg.in/inf.v0
  version: 3887ee99ecf07df5b447e9b00d9c0b2adaa9f3e4
- name: gopkg.in/validator.v2
  version: 07ffaad256c8e957050ad83d6472eb97d785013d
- name: gopkg.in/yaml.v2
  version: eb3733d160e74a9c7e442f435eb3bea458e1d19f
testImports: []
