# This file is autogenerated, do not edit; changes may be undone by the next 'dep ensure'.


[[projects]]
  digest = "1:e4b30804a381d7603b8a344009987c1ba351c26043501b23b8c7ce21f0b67474"
  name = "github.com/BurntSushi/toml"
  packages = ["."]
  pruneopts = ""
  revision = "3012a1dbe2e4bd1391d42b32f0577cb7bbc7f005"
  version = "v0.3.1"

[[projects]]
  digest = "1:29b1e6604e762715716cae79145c8732a964b8fe564cc330de1495090fbc777a"
  name = "github.com/DataDog/zstd"
  packages = ["."]
  pruneopts = ""
  revision = "c7161f8c63c045cbc7ca051dcc969dd0e4054de2"
  version = "v1.3.5"

[[projects]]
  digest = "1:10ff6d0124af07664e2c0815e87ac1e04f5bfb6aae3c7bc408dfea51f4c6c64d"
  name = "github.com/Shopify/sarama"
  packages = ["."]
  pruneopts = ""
  revision = "4602b5a8c6e826f9e0737865818dd43b2339a092"
  version = "v1.21.0"

[[projects]]
  branch = "master"
  digest = "1:3c292d5c4fe036d536e3a5945caa056f295e82142f1cbb493cf3d9ec7198e0e3"
  name = "github.com/anmitsu/go-shlex"
  packages = ["."]
  pruneopts = ""
  revision = "648efa622239a2f6ff949fed78ee37b48d499ba4"

[[projects]]
  digest = "1:21a774cd1c70bc7b328522ad415933eb1f329ad72773f4d0112210fc0dbccc55"
  name = "github.com/apache/thrift"
  packages = ["lib/go/thrift"]
  pruneopts = ""
  revision = "53dd39833a08ce33582e5ff31fa18bb4735d6731"
  version = "0.9.3"

[[projects]]
  branch = "master"
  digest = "1:afaa6de27e2d86b66cf71d55096f00e32b2ef40ec3349b535555aa81c77bc7d3"
  name = "github.com/benbjohnson/clock"
  packages = ["."]
  pruneopts = ""
  revision = "7dc76406b6d3c05b5f71a86293cbcf3c4ea03b19"

[[projects]]
  branch = "master"
  digest = "1:c0bec5f9b98d0bc872ff5e834fac186b807b656683bd29cb82fb207a1513fabb"
  name = "github.com/beorn7/perks"
  packages = ["quantile"]
  pruneopts = ""
  revision = "3a771d992973f24aa725d07868b467d1ddfceafb"

[[projects]]
  digest = "1:6da5545112f73dbad12895d25e39818c1c3e8040ebba488d4d3fe43bc8685eb6"
  name = "github.com/bsm/sarama-cluster"
  packages = ["."]
  pruneopts = ""
  revision = "c618e605e15c0d7535f6c96ff8efbb0dba4fd66c"
  version = "v2.1.15"

[[projects]]
  digest = "1:47fe89a242ccbae03d31b4c665d3d983786acd316c0d7c51bcfa0d019b205004"
  name = "github.com/cactus/go-statsd-client"
  packages = ["statsd"]
  pruneopts = ""
  revision = "138b925ccdf617776955904ba7759fce64406cec"
  version = "v3.1.1"

[[projects]]
  digest = "1:0deddd908b6b4b768cfc272c16ee61e7088a60f7fe2f06c547bd3d8e1f8b8e77"
  name = "github.com/davecgh/go-spew"
  packages = ["spew"]
  pruneopts = ""
  revision = "8991bc29aa16c548c550c7ff78260e27b9ab7c73"
  version = "v1.1.1"

[[projects]]
  branch = "master"
  digest = "1:b45f6aa072ce3656b08b31953fe77eb5eb2cbe9723b08554a4f1cf36152c4880"
  name = "github.com/dgryski/go-farm"
  packages = ["."]
  pruneopts = ""
  revision = "3adb47b1fb0f6d9efcc5051a6c62e2e413ac85a9"

[[projects]]
  digest = "1:6d6672f85a84411509885eaa32f597577873de00e30729b9bb0eb1e1faa49c12"
  name = "github.com/eapache/go-resiliency"
  packages = ["breaker"]
  pruneopts = ""
  revision = "ea41b0fad31007accc7f806884dcdf3da98b79ce"
  version = "v1.1.0"

[[projects]]
  branch = "master"
  digest = "1:6643c01e619a68f80ac12ad81223275df653528c6d7e3788291c1fd6f1d622f6"
  name = "github.com/eapache/go-xerial-snappy"
  packages = ["."]
  pruneopts = ""
  revision = "776d5712da21bc4762676d614db1d8a64f4238b0"

[[projects]]
  digest = "1:d8d46d21073d0f65daf1740ebf4629c65e04bf92e14ce93c2201e8624843c3d3"
  name = "github.com/eapache/queue"
  packages = ["."]
  pruneopts = ""
  revision = "44cc805cf13205b55f69e14bcb69867d1ae92f98"
  version = "v1.1.0"

[[projects]]
  branch = "master"
  digest = "1:210b3ed4794aaa5f1ab9241125a5348f56c0ec653fc9d7c9377eed0391157588"
  name = "github.com/emirpasic/gods"
  packages = [
    "containers",
    "maps",
    "maps/treemap",
    "trees",
    "trees/redblacktree",
    "utils",
  ]
  pruneopts = ""
  revision = "729073a73ce2057955fafa2a8f0ac62b99e950c9"

[[projects]]
  branch = "master"
  digest = "1:88b37f144a80737f9e5cd50c887c00c2f3c7211257f884b8b80ce97e61ed1ccb"
  name = "github.com/facebookgo/clock"
  packages = ["."]
  pruneopts = ""
  revision = "600d898af40aa09a7a93ecb9265d87b0504b6f03"

[[projects]]
  branch = "master"
  digest = "1:eeba285fdc8e024e3305d5efd2a85e9e46097172873f9c841ae575527e6affbe"
  name = "github.com/fatih/color"
  packages = ["."]
  pruneopts = ""
  revision = "3f9d52f7176a6927daacff70a3e8d1dc2025c53e"

[[projects]]
  digest = "1:f7ad09e1bd153d7de18080ccd5e7bef5ebdba9403aa3cde487f0daf7ef67820d"
  name = "github.com/fatih/structtag"
  packages = ["."]
  pruneopts = ""
  revision = "76ae1d6d2117609598c7d4e8f3e938145f204e8f"
  version = "v1.0.0"

[[projects]]
  digest = "1:e692d16fdfbddb94e9e4886aaf6c08bdbae5cb4ac80651445de9181b371c6e46"
  name = "github.com/go-sql-driver/mysql"
  packages = ["."]
  pruneopts = ""
  revision = "72cd26f257d44c1114970e19afddcd812016007e"
  version = "v1.4.1"

[[projects]]
  branch = "master"
  digest = "1:06021125b5a7a3d454e332dc21b5322cd7bb9ad82ea05b43658e9a8d5879282c"
  name = "github.com/gocql/gocql"
  packages = [
    ".",
    "internal/lru",
    "internal/murmur",
    "internal/streams",
  ]
  pruneopts = ""
  revision = "6bdac5e86117001a9b87d0d885c6a0c053764696"

[[projects]]
  digest = "1:fd53b471edb4c28c7d297f617f4da0d33402755f58d6301e7ca1197ef0a90937"
  name = "github.com/gogo/protobuf"
  packages = [
    "gogoproto",
    "plugin/compare",
    "plugin/defaultcheck",
    "plugin/description",
    "plugin/embedcheck",
    "plugin/enumstringer",
    "plugin/equal",
    "plugin/face",
    "plugin/gostring",
    "plugin/marshalto",
    "plugin/oneofcheck",
    "plugin/populate",
    "plugin/size",
    "plugin/stringer",
    "plugin/testgen",
    "plugin/union",
    "plugin/unmarshal",
    "proto",
    "protoc-gen-gogo/descriptor",
    "protoc-gen-gogo/generator",
    "protoc-gen-gogo/generator/internal/remap",
    "protoc-gen-gogo/grpc",
    "protoc-gen-gogo/plugin",
    "protoc-gen-gogoslick",
    "vanity",
    "vanity/command",
  ]
  pruneopts = ""
  revision = "ba06b47c162d49f2af050fb4c75bcbc86a159d5c"
  version = "v1.2.1"

[[projects]]
  digest = "1:530233672f656641b365f8efb38ed9fba80e420baff2ce87633813ab3755ed6d"
  name = "github.com/golang/mock"
  packages = [
    "gomock",
    "mockgen",
    "mockgen/model",
  ]
  pruneopts = ""
  revision = "51421b967af1f557f93a59e0057aaf15ca02e29c"
  version = "v1.2.0"

[[projects]]
  digest = "1:529d738b7976c3848cae5cf3a8036440166835e389c1f617af701eeb12a0518d"
  name = "github.com/golang/protobuf"
  packages = ["proto"]
  pruneopts = ""
  revision = "b5d812f8a3706043e23a9cd5babf2e5423744d30"
  version = "v1.3.1"

[[projects]]
  digest = "1:6a6322a15aa8e99bd156fbba0aae4e5d67b4bb05251d860b348a45dfdcba9cce"
  name = "github.com/golang/snappy"
  packages = ["."]
  pruneopts = ""
  revision = "2a8bb927dd31d8daada140a5d09578521ce5c36a"
  version = "v0.0.1"

[[projects]]
  digest = "1:ad92aa49f34cbc3546063c7eb2cabb55ee2278b72842eda80e2a20a8a06a8d73"
  name = "github.com/google/uuid"
  packages = ["."]
  pruneopts = ""
  revision = "0cd6bf5da1e1c83f8b45653022c74f71af0538a4"
  version = "v1.1.1"

[[projects]]
  branch = "master"
  digest = "1:60b7bc5e043a11213472ae05252527287d20e0a6ccc18f6ae67fad88e41004de"
  name = "github.com/hailocab/go-hostpool"
  packages = ["."]
  pruneopts = ""
  revision = "e80d13ce29ede4452c43dea11e79b9bc8a15b478"

[[projects]]
  branch = "master"
  digest = "1:67bcf41677f33b22aee1b82e9460aa093a96cfe4877445dd19ea950c200a47ab"
  name = "github.com/iancoleman/strcase"
  packages = ["."]
  pruneopts = ""
  revision = "3605ed457bf7f8caa1371b4fafadadc026673479"

[[projects]]
  digest = "1:ca5c90960520407749b98c49650f54f5f90a667796e85c5ee1597478f702fb91"
  name = "github.com/jessevdk/go-flags"
  packages = ["."]
  pruneopts = ""
  revision = "c6ca198ec95c841fdb89fc0de7496fed11ab854e"
  version = "v1.4.0"

[[projects]]
  branch = "batch"
  digest = "1:f2dfbafa7faa143650abef3a721e6f654fec14422c0f3c03f7bec598622c102e"
  name = "github.com/jmoiron/sqlx"
  packages = [
    ".",
    "reflectx",
  ]
  pruneopts = ""
  revision = "fa49b1cf03f78497da59de5455f40a753fa4a31d"
  source = "github.com/mfateev/sqlx"

[[projects]]
  digest = "1:e6b65ec5a09e42738d13762852d50a13865d9fccfd29576926e8ef05469388d9"
  name = "github.com/kisielk/errcheck"
  packages = [
    ".",
    "internal/errcheck",
  ]
  pruneopts = ""
  revision = "e14f8d59a22d460d56c5ee92507cd94c78fbf274"
  version = "v1.2.0"

[[projects]]
  digest = "1:0f51cee70b0d254dbc93c22666ea2abf211af81c1701a96d04e2284b408621db"
  name = "github.com/konsorten/go-windows-terminal-sequences"
  packages = ["."]
  pruneopts = ""
  revision = "f55edac94c9bbba5d6182a4be46d86a2c9b5b50e"
  version = "v1.0.2"

[[projects]]
  branch = "master"
  digest = "1:b7ac1ad7d98781c0168803a258d7bf8b3544fd59f356a0e2dd65c43312cf6aac"
  name = "github.com/mailru/easyjson"
  packages = [
    ".",
    "buffer",
    "jlexer",
    "jwriter",
  ]
  pruneopts = ""
  revision = "1de009706dbeb9d05f18586f0735fcdb7c524481"

[[projects]]
  digest = "1:9ea83adf8e96d6304f394d40436f2eb44c1dc3250d223b74088cc253a6cd0a1c"
  name = "github.com/mattn/go-colorable"
  packages = ["."]
  pruneopts = ""
  revision = "167de6bfdfba052fa6b2d3664c8f5272e23c9072"
  version = "v0.0.9"

[[projects]]
  digest = "1:d0600e4cf07697303f37130791b2ce4577367931416bea8ec4f601bde3f7c5bf"
  name = "github.com/mattn/go-isatty"
  packages = ["."]
  pruneopts = ""
  revision = "c2a7a6ca930a4cd0bc33a3f298eb71960732a3a7"
  version = "v0.0.7"

[[projects]]
  digest = "1:84c28d9899cc4e00c38042d345cea8819275a5a62403a58530cac67022894776"
  name = "github.com/mattn/go-runewidth"
  packages = ["."]
  pruneopts = ""
  revision = "3ee7d812e62a0804a7d0a324e0249ca2db3476d3"
  version = "v0.0.4"

[[projects]]
  digest = "1:63722a4b1e1717be7b98fc686e0b30d5e7f734b9e93d7dee86293b6deab7ea28"
  name = "github.com/matttproud/golang_protobuf_extensions"
  packages = ["pbutil"]
  pruneopts = ""
  revision = "c12348ce28de40eed0136aa2b644d0ee0650e56c"
  version = "v1.0.1"

[[projects]]
  branch = "master"
  digest = "1:9452423cddeac377d2afc01f96164fc96d1f557862351745f287738264e5e6a5"
  name = "github.com/olekukonko/tablewriter"
  packages = ["."]
  pruneopts = ""
  revision = "f82d31373321de71ad0289113725564fe180a301"

[[projects]]
  digest = "1:15904bf2ce6c7115ecea6ab1c33a40ac4fe7ca085973ed20fa9cd9d11b72484c"
  name = "github.com/olivere/elastic"
  packages = [
    ".",
    "config",
    "uritemplates",
  ]
  pruneopts = ""
  revision = "407a1d940dcc89e279c579eb393d0bdde8fd9ac4"
  version = "v6.2.16"

[[projects]]
  digest = "1:78fb99d6011c2ae6c72f3293a83951311147b12b06a5ffa43abf750c4fab6ac5"
  name = "github.com/opentracing/opentracing-go"
  packages = [
    ".",
    "ext",
    "log",
  ]
  pruneopts = ""
  revision = "1949ddbfd147afd4d964a9f00b24eb291e0e7c38"
  version = "v1.0.2"

[[projects]]
  digest = "1:a5484d4fa43127138ae6e7b2299a6a52ae006c7f803d98d717f60abf3e97192e"
  name = "github.com/pborman/uuid"
  packages = ["."]
  pruneopts = ""
  revision = "adf5a7427709b9deb95d29d3fa8a2bf9cfd388f1"
  version = "v1.2"

[[projects]]
  digest = "1:21b276e792044150a96175edd51d653649b9fd175c51a4613f2741b411c6d674"
  name = "github.com/pierrec/lz4"
  packages = [
    ".",
    "internal/xxh32",
  ]
  pruneopts = ""
  revision = "062282ea0dcff40c9fb8525789eef9644b1fbd6e"
  version = "v2.1.0"

[[projects]]
  digest = "1:1d7e1867c49a6dd9856598ef7c3123604ea3daabf5b83f303ff457bcbc410b1d"
  name = "github.com/pkg/errors"
  packages = ["."]
  pruneopts = ""
  revision = "ba968bfe8b2f7e042a574c888954fccecfa385b4"
  version = "v0.8.1"

[[projects]]
  digest = "1:256484dbbcd271f9ecebc6795b2df8cad4c458dd0f5fd82a8c2fa0c29f233411"
  name = "github.com/pmezard/go-difflib"
  packages = ["difflib"]
  pruneopts = ""
  revision = "792786c7400a136282c1664665ae0a8db921c6c2"
  version = "v1.0.0"

[[projects]]
  digest = "1:6f218995d6a74636cfcab45ce03005371e682b4b9bee0e5eb0ccfd83ef85364f"
  name = "github.com/prometheus/client_golang"
  packages = [
    "prometheus",
    "prometheus/internal",
    "prometheus/promhttp",
  ]
  pruneopts = ""
  revision = "505eaef017263e299324067d40ca2c48f6a2cf50"
  version = "v0.9.2"

[[projects]]
  branch = "master"
  digest = "1:cd67319ee7536399990c4b00fae07c3413035a53193c644549a676091507cadc"
  name = "github.com/prometheus/client_model"
  packages = ["go"]
  pruneopts = ""
  revision = "fd36f4220a901265f90734c3183c5f0c91daa0b8"

[[projects]]
  digest = "1:96af18a3819d2ff7d6aa07e6e50955b11e477dbc8b890324c67462b84adca56b"
  name = "github.com/prometheus/common"
  packages = [
    "expfmt",
    "internal/bitbucket.org/ww/goautoneg",
    "model",
  ]
  pruneopts = ""
  revision = "cfeb6f9992ffa54aaa4f2170ade4067ee478b250"
  version = "v0.2.0"

[[projects]]
  branch = "master"
  digest = "1:5d3e81513a6c50826162b64c1ad007a882d21531840aa86e78e1a88258a46c0a"
  name = "github.com/prometheus/procfs"
  packages = [
    ".",
    "internal/util",
    "iostats",
    "nfs",
    "xfs",
  ]
  pruneopts = ""
  revision = "40f3c57fb1983891f95378042bd0bfd590f52384"

[[projects]]
  branch = "master"
  digest = "1:bc5884d890d71ae56382665a93d792af3602dae40fa98778170e4795598a7264"
  name = "github.com/rcrowley/go-metrics"
  packages = ["."]
  pruneopts = ""
  revision = "3113b8401b8a98917cde58f8bbd42a1b1c03b1fd"

[[projects]]
  digest = "1:6ab228f39a195cb1dab3564a0f27dc24a52bb3a19fa58dd2967f1e7b2482d82b"
  name = "github.com/robfig/cron"
  packages = ["."]
  pruneopts = ""
  revision = "b41be1df696709bb6395fe435af20370037c0b4c"
  version = "v1.1"

[[projects]]
  branch = "master"
  digest = "1:7f10a9aff574ffa9cc40f41761b96c844becc0332e80bb95275a1bff9ef34040"
  name = "github.com/samuel/go-thrift"
  packages = ["parser"]
  pruneopts = ""
  revision = "e8b6b52668fe9c972220addc130edf46a9b466b1"

[[projects]]
  branch = "master"
  digest = "1:b73fe282e350b3ef2c71d8ff08e929e0b9670b1bb5b7fde1d3c1b4cd6e6dc8b1"
  name = "github.com/sirupsen/logrus"
  packages = ["."]
  pruneopts = ""
  revision = "dae0fa8d5b0c810a8ab733fbd5510c7cae84eca4"

[[projects]]
  digest = "1:711eebe744c0151a9d09af2315f0bb729b2ec7637ef4c410fa90a18ef74b65b6"
  name = "github.com/stretchr/objx"
  packages = ["."]
  pruneopts = ""
  revision = "477a77ecc69700c7cdeb1fa9e129548e1c1c393c"
  version = "v0.1.1"

[[projects]]
  digest = "1:381bcbeb112a51493d9d998bbba207a529c73dbb49b3fd789e48c63fac1f192c"
  name = "github.com/stretchr/testify"
  packages = [
    "assert",
    "mock",
    "require",
    "suite",
  ]
  pruneopts = ""
  revision = "ffdc059bfe9ce6a4e144ba849dbedead332c6053"
  version = "v1.3.0"

[[projects]]
  branch = "master"
  digest = "1:92e24fa043b9dc538f60cbc202177668e9fae022fa1bdf8bdc5724507e48af96"
  name = "github.com/uber-common/bark"
  packages = ["."]
  pruneopts = ""
  revision = "362cbdc2431a7f2414126b4fb4914820b876fad4"

[[projects]]
  digest = "1:74f86c458e82e1c4efbab95233e0cf51b7cc02dc03193be9f62cd81224e10401"
  name = "github.com/uber-go/atomic"
  packages = ["."]
  pruneopts = ""
  revision = "1ea20fb1cbb1cc08cbd0d913a96dead89aa18289"
  version = "v1.3.2"

[[projects]]
  digest = "1:29360a122ba04967f6749a9a2a627ba7fec0d0d009cd88de1f21fd562a71470b"
  name = "github.com/uber-go/kafka-client"
  packages = [
    ".",
    "internal/consumer",
    "internal/list",
    "internal/metrics",
    "internal/util",
    "kafka",
  ]
  pruneopts = ""
  revision = "f844be23d24716c68cbc23251406f2fb5ea0fac0"
  version = "v0.2.1"

[[projects]]
  digest = "1:861312e1c66a6935183495ad08db511fb7cf434a9da12c49d0be9b7725f3a22b"
  name = "github.com/uber-go/mapdecode"
  packages = [
    ".",
    "internal/mapstructure",
  ]
  pruneopts = ""
  revision = "718b4994083e432669f44a00174c5f1bcdb1434d"
  version = "v1.0.0"

[[projects]]
  digest = "1:7ebd2ed0996b640ecc36fb9a4015c50d47a6e743b34faab0250d94d7ffb07805"
  name = "github.com/uber-go/tally"
  packages = [
    ".",
    "m3",
    "m3/customtransports",
    "m3/thrift",
    "m3/thriftudp",
    "statsd",
  ]
  pruneopts = ""
  revision = "e9a67ec1839e1f6e5133dbcca2f57bec12fdeda2"
  version = "v3.3.8"

[[projects]]
  digest = "1:86555acbb9507153d3cd0d032e07279ba89e38aadc8200cfca3b5d14c98b4daf"
  name = "github.com/uber/ringpop-go"
  packages = [
    ".",
    "discovery",
    "discovery/jsonfile",
    "discovery/statichosts",
    "events",
    "forward",
    "hashring",
    "logging",
    "membership",
    "shared",
    "swim",
    "util",
  ]
  pruneopts = ""
  revision = "08d399785ee54fdae8e4bd8b7b481673f52739cc"
  version = "v0.8.5"

[[projects]]
  digest = "1:77f46778689fedd79da9d96257f925173645cd8ed9750445cbbe650a06369e9a"
  name = "github.com/uber/tchannel-go"
  packages = [
    ".",
    "internal/argreader",
    "json",
    "raw",
    "relay",
    "thrift",
    "thrift/gen-go/meta",
    "thrift/thrift-gen",
    "tnet",
    "tos",
    "trand",
    "typed",
  ]
  pruneopts = ""
  revision = "162ecb0dc97845a0c42aae3899651dba111085e5"
  version = "v1.12.0"

[[projects]]
  branch = "master"
  digest = "1:0c0682804b7a414090df12c40e1f28d8acc4fe8b626eb67daf060804a5da081d"
  name = "github.com/urfave/cli"
  packages = ["."]
  pruneopts = ""
  revision = "693af58b4d51b8fcc7f9d89576da170765980581"

[[projects]]
  digest = "1:74f86c458e82e1c4efbab95233e0cf51b7cc02dc03193be9f62cd81224e10401"
  name = "go.uber.org/atomic"
  packages = ["."]
  pruneopts = ""
  revision = "1ea20fb1cbb1cc08cbd0d913a96dead89aa18289"
  version = "v1.3.2"

[[projects]]
  branch = "master"
  digest = "1:7570eb9af0d9a5b5327f8698b724f374b953db745cc3c313b0a3feaa60f69df1"
  name = "go.uber.org/cadence"
  packages = [
    ".",
    ".gen/go/cadence",
    ".gen/go/cadence/workflowserviceclient",
    ".gen/go/cadence/workflowservicetest",
    ".gen/go/shared",
    "activity",
    "client",
    "encoded",
    "internal",
    "internal/common",
    "internal/common/backoff",
    "internal/common/cache",
    "internal/common/metrics",
    "internal/common/util",
    "testsuite",
    "worker",
    "workflow",
  ]
  pruneopts = ""
  revision = "4accc5e4c435c0697b74ff62e5209ae604e18da8"

[[projects]]
  digest = "1:22c7effcb4da0eacb2bb1940ee173fac010e9ef3c691f5de4b524d538bd980f5"
  name = "go.uber.org/multierr"
  packages = ["."]
  pruneopts = ""
  revision = "3c4937480c32f4c13a875a1829af76c98ca3d40a"
  version = "v1.1.0"

[[projects]]
  digest = "1:320b11edb503bbca6727a6e2d9bb67817c3e0c53780650cb4064142f22b4981a"
  name = "go.uber.org/net/metrics"
  packages = [
    ".",
    "bucket",
    "push",
    "tallypush",
  ]
  pruneopts = ""
  revision = "1e19de5b971489a45d178e12a0f72a78c70e300e"
  version = "v1.0.1"

[[projects]]
  digest = "1:833ed18a5bf0b36bec5a54112006193e30f4a9dd7e79e1fa1b02de6740849ce9"
  name = "go.uber.org/thriftrw"
  packages = [
    ".",
    "ast",
    "compile",
    "envelope",
    "gen",
    "idl",
    "idl/internal",
    "internal/concurrent",
    "internal/curry",
    "internal/envelope",
    "internal/envelope/exception",
    "internal/frame",
    "internal/goast",
    "internal/multiplex",
    "internal/plugin",
    "internal/plugin/builtin/pluginapigen",
    "internal/process",
    "internal/semver",
    "plugin",
    "plugin/api",
    "protocol",
    "protocol/binary",
    "ptr",
    "thriftreflect",
    "version",
    "wire",
  ]
  pruneopts = ""
  revision = "4302611d78393c965f36d073e911352ed8a4eb73"
  version = "v1.17.0"

[[projects]]
  branch = "master"
  digest = "1:f398baab3736ac096b6e134151a40bf07ee4797ecbe9613b3f4d7f172abd4eed"
  name = "go.uber.org/tools"
  packages = ["update-license"]
  pruneopts = ""
  revision = "ce2550dad7144b81ae2f67dc5e55597643f6902b"

[[projects]]
  digest = "1:cfd0de42da29c983846c6384bccb102f5666355caf8a77cc6c16695ac593d58f"
  name = "go.uber.org/yarpc"
  packages = [
    ".",
    "api/backoff",
    "api/encoding",
    "api/middleware",
    "api/peer",
    "api/transport",
    "encoding/thrift",
    "encoding/thrift/internal",
    "internal",
    "internal/backoff",
    "internal/bufferpool",
    "internal/config",
    "internal/digester",
    "internal/errorsync",
    "internal/humanize",
    "internal/inboundmiddleware",
    "internal/interpolate",
    "internal/introspection",
    "internal/iopool",
    "internal/observability",
    "internal/outboundmiddleware",
    "internal/request",
    "internal/yarpcerrors",
    "peer",
    "peer/hostport",
    "pkg/encoding",
    "pkg/errors",
    "pkg/lifecycle",
    "pkg/procedure",
    "transport/tchannel",
    "transport/tchannel/internal",
    "yarpcconfig",
    "yarpcerrors",
  ]
  pruneopts = ""
  revision = "d7168bf2dc382eb7e5c016992a63bf1a3eac3c7d"
  version = "v1.37.0"

[[projects]]
  digest = "1:246f378f80fba6fcf0f191c486b6613265abd2bc0f2fa55a36b928c67352021e"
  name = "go.uber.org/zap"
  packages = [
    ".",
    "buffer",
    "internal/bufferpool",
    "internal/color",
    "internal/exit",
    "zapcore",
  ]
  pruneopts = ""
  revision = "ff33455a0e382e8a81d14dd7c922020b6b5e7982"
  version = "v1.9.1"

[[projects]]
  branch = "master"
  digest = "1:c81a0b59fb29b7b1db82ab9022fcb4a4284317b6cadc015048e994ed6b9599ab"
  name = "golang.org/x/crypto"
  packages = ["ssh/terminal"]
  pruneopts = ""
  revision = "b7391e95e576cacdcdd422573063bc057239113d"

[[projects]]
  branch = "master"
  digest = "1:904a96f1b41dd718461284637f0c164a9cdc47aaf3026406de6cc139e19411b5"
  name = "golang.org/x/lint"
  packages = [
    ".",
    "golint",
  ]
  pruneopts = ""
  revision = "d0100b6bd8b389f0385611eb39152c4d7c3a7905"

[[projects]]
  branch = "master"
  digest = "1:ced597cd18c9d5a5b0b2ec62e8bc74194965d703694d7a5bc2277c0f2b2f4d73"
  name = "golang.org/x/net"
  packages = [
    "bpf",
    "context",
    "internal/iana",
    "internal/socket",
    "ipv4",
    "ipv6",
  ]
  pruneopts = ""
  revision = "1272bf9dcd53ea65c09668fb4c76e65deb740072"
  source = "https://github.com/golang/net"

[[projects]]
  branch = "master"
  digest = "1:ba9161ae486a23244987306b85436483df7b276c2364d61a033ad3aebeeec8d0"
  name = "golang.org/x/sys"
  packages = [
    "unix",
    "windows",
  ]
  pruneopts = ""
  revision = "f7bb7a8bee54210937e93ec56d007d892c1f0580"

[[projects]]
  branch = "master"
  digest = "1:9522af4be529c108010f95b05f1022cb872f2b9ff8b101080f554245673466e1"
  name = "golang.org/x/time"
  packages = ["rate"]
  pruneopts = ""
  revision = "9d24e82272b4f38b78bc8cff74fa936d31ccd8ef"

[[projects]]
  branch = "master"
  digest = "1:ccf98ba7303f1d0e08460750fea8ee43bbaabe7da7ca6836b5e7e3bf89bdd6be"
  name = "golang.org/x/tools"
  packages = [
    "cmd/stringer",
    "go/ast/astutil",
    "go/buildutil",
    "go/gcexportdata",
    "go/internal/cgo",
    "go/internal/gcimporter",
    "go/internal/packagesdriver",
    "go/loader",
    "go/packages",
    "go/types/typeutil",
    "internal/fastwalk",
    "internal/gopathwalk",
    "internal/semver",
  ]
  pruneopts = ""
  revision = "a94d7df2cbc86f0529cda4092aef610aaf26e257"

[[projects]]
  digest = "1:0a6cbf5be24f00105d33c9f6d2f40b8149e0316537a92be1b0d4c761b7ae39fb"
  name = "google.golang.org/appengine"
  packages = ["cloudsql"]
  pruneopts = ""
  revision = "54a98f90d1c46b7731eb8fb305d2a321c30ef610"
  version = "v1.5.0"

[[projects]]
  digest = "1:75fb3fcfc73a8c723efde7777b40e8e8ff9babf30d8c56160d01beffea8a95a6"
  name = "gopkg.in/inf.v0"
  packages = ["."]
  pruneopts = ""
  revision = "d2d2541c53f18d2a059457998ce2876cc8e67cbf"
  version = "v0.9.1"

[[projects]]
  branch = "v2"
  digest = "1:bf922c860f64bb6372daa82bb9c1e8ed144e97ac7587efa80d08b4e98737e9ea"
  name = "gopkg.in/validator.v2"
  packages = ["."]
  pruneopts = ""
  revision = "135c24b11c19e52befcae2ec3fca5d9b78c4e98e"

[[projects]]
  digest = "1:cedccf16b71e86db87a24f8d4c70b0a855872eb967cb906a66b95de56aefbd0d"
  name = "gopkg.in/yaml.v2"
  packages = ["."]
  pruneopts = ""
  revision = "51d6538a90f86fe93ac480b35f37b2be17fef232"
  version = "v2.2.2"

[[projects]]
  digest = "1:4bd751fab829d96d30258e6e8868584b94e2c3002b31db7f105ea42762a67b4a"
  name = "honnef.co/go/tools"
  packages = [
    "arg",
    "callgraph",
    "callgraph/static",
    "cmd/staticcheck",
    "config",
    "deprecated",
    "functions",
    "internal/sharedcheck",
    "lint",
    "lint/lintdsl",
    "lint/lintutil",
    "lint/lintutil/format",
    "simple",
    "ssa",
    "ssa/ssautil",
    "ssautil",
    "staticcheck",
    "staticcheck/vrp",
    "stylecheck",
    "unused",
    "version",
  ]
  pruneopts = ""
  revision = "95959eaf5e3c41c66151dcfd91779616b84077a8"
  version = "2019.1.1"

[solve-meta]
  analyzer-name = "dep"
  analyzer-version = 1
  input-imports = [
    "github.com/Shopify/sarama",
    "github.com/apache/thrift/lib/go/thrift",
    "github.com/bsm/sarama-cluster",
    "github.com/cactus/go-statsd-client/statsd",
    "github.com/davecgh/go-spew/spew",
    "github.com/dgryski/go-farm",
    "github.com/emirpasic/gods/maps/treemap",
    "github.com/fatih/color",
    "github.com/go-sql-driver/mysql",
    "github.com/gocql/gocql",
    "github.com/golang/mock/gomock",
    "github.com/google/uuid",
    "github.com/iancoleman/strcase",
    "github.com/jmoiron/sqlx",
    "github.com/olekukonko/tablewriter",
    "github.com/olivere/elastic",
    "github.com/pborman/uuid",
    "github.com/pkg/errors",
    "github.com/robfig/cron",
    "github.com/sirupsen/logrus",
    "github.com/stretchr/testify/assert",
    "github.com/stretchr/testify/mock",
    "github.com/stretchr/testify/require",
    "github.com/stretchr/testify/suite",
    "github.com/uber-common/bark",
    "github.com/uber-go/kafka-client",
    "github.com/uber-go/kafka-client/kafka",
    "github.com/uber-go/tally",
    "github.com/uber-go/tally/m3",
    "github.com/uber-go/tally/statsd",
    "github.com/uber/ringpop-go",
    "github.com/uber/ringpop-go/discovery",
    "github.com/uber/ringpop-go/discovery/jsonfile",
    "github.com/uber/ringpop-go/discovery/statichosts",
    "github.com/uber/ringpop-go/events",
    "github.com/uber/ringpop-go/hashring",
    "github.com/uber/ringpop-go/swim",
    "github.com/uber/tchannel-go",
    "github.com/urfave/cli",
    "go.uber.org/atomic",
    "go.uber.org/cadence",
    "go.uber.org/cadence/.gen/go/cadence/workflowserviceclient",
    "go.uber.org/cadence/.gen/go/cadence/workflowservicetest",
    "go.uber.org/cadence/.gen/go/shared",
    "go.uber.org/cadence/activity",
    "go.uber.org/cadence/client",
    "go.uber.org/cadence/encoded",
    "go.uber.org/cadence/testsuite",
    "go.uber.org/cadence/worker",
    "go.uber.org/cadence/workflow",
    "go.uber.org/multierr",
    "go.uber.org/thriftrw/protocol",
    "go.uber.org/thriftrw/thriftreflect",
    "go.uber.org/thriftrw/wire",
    "go.uber.org/yarpc",
    "go.uber.org/yarpc/api/transport",
    "go.uber.org/yarpc/encoding/thrift",
    "go.uber.org/yarpc/transport/tchannel",
    "go.uber.org/yarpc/yarpcerrors",
    "go.uber.org/zap",
    "go.uber.org/zap/zapcore",
    "golang.org/x/net/context",
    "golang.org/x/time/rate",
    "gopkg.in/validator.v2",
    "gopkg.in/yaml.v2",
  ]
  solver-name = "gps-cdcl"
  solver-version = 1
