# This file is autogenerated, do not edit; changes may be undone by the next 'dep ensure'.


[[projects]]
  digest = "1:9362b2212139b7821f73a86169bf80ce6b0264956f87d82ab3aeedb2b5c08fea"
  name = "github.com/Shopify/sarama"
  packages = ["."]
  pruneopts = ""
  revision = "35324cf48e33d8260e1c7c18854465a904ade249"
  version = "v1.17.0"

[[projects]]
  digest = "1:21a774cd1c70bc7b328522ad415933eb1f329ad72773f4d0112210fc0dbccc55"
  name = "github.com/apache/thrift"
  packages = ["lib/go/thrift"]
  pruneopts = ""
  revision = "53dd39833a08ce33582e5ff31fa18bb4735d6731"
  version = "0.9.3"

[[projects]]
  branch = "master"
  digest = "1:afaa6de27e2d86b66cf71d55096f00e32b2ef40ec3349b535555aa81c77bc7d3"
  name = "github.com/benbjohnson/clock"
  packages = ["."]
  pruneopts = ""
  revision = "7dc76406b6d3c05b5f71a86293cbcf3c4ea03b19"

[[projects]]
  branch = "master"
  digest = "1:c0bec5f9b98d0bc872ff5e834fac186b807b656683bd29cb82fb207a1513fabb"
  name = "github.com/beorn7/perks"
  packages = ["quantile"]
  pruneopts = ""
  revision = "3a771d992973f24aa725d07868b467d1ddfceafb"

[[projects]]
  digest = "1:c5978131c797af795972c27c25396c81d1bf53b7b6e8e3e0259e58375765c071"
  name = "github.com/bsm/sarama-cluster"
  packages = ["."]
  pruneopts = ""
  revision = "cf455bc755fe41ac9bb2861e7a961833d9c2ecc3"
  version = "v2.1.13"

[[projects]]
  digest = "1:47fe89a242ccbae03d31b4c665d3d983786acd316c0d7c51bcfa0d019b205004"
  name = "github.com/cactus/go-statsd-client"
  packages = ["statsd"]
  pruneopts = ""
  revision = "138b925ccdf617776955904ba7759fce64406cec"
  version = "v3.1.1"

[[projects]]
  digest = "1:56c130d885a4aacae1dd9c7b71cfe39912c7ebc1ff7d2b46083c8812996dc43b"
  name = "github.com/davecgh/go-spew"
  packages = ["spew"]
  pruneopts = ""
  revision = "346938d642f2ec3594ed81d874461961cd0faa76"
  version = "v1.1.0"

[[projects]]
  branch = "master"
  digest = "1:2407d73d2349c9dd9d7b2c9fafcee9412444cb6cb261ee47ebb751b2a5507976"
  name = "github.com/dgryski/go-farm"
  packages = ["."]
  pruneopts = ""
  revision = "2de33835d10275975374b37b2dcfd22c9020a1f5"

[[projects]]
  digest = "1:6d6672f85a84411509885eaa32f597577873de00e30729b9bb0eb1e1faa49c12"
  name = "github.com/eapache/go-resiliency"
  packages = ["breaker"]
  pruneopts = ""
  revision = "ea41b0fad31007accc7f806884dcdf3da98b79ce"
  version = "v1.1.0"

[[projects]]
  branch = "master"
  digest = "1:7b12ea8b50040c6c2378ec5b5a1ab722730b2bfb46e8724ded57f2c3905431fa"
  name = "github.com/eapache/go-xerial-snappy"
  packages = ["."]
  pruneopts = ""
  revision = "040cc1a32f578808623071247fdbd5cc43f37f5f"

[[projects]]
  digest = "1:d8d46d21073d0f65daf1740ebf4629c65e04bf92e14ce93c2201e8624843c3d3"
  name = "github.com/eapache/queue"
  packages = ["."]
  pruneopts = ""
  revision = "44cc805cf13205b55f69e14bcb69867d1ae92f98"
  version = "v1.1.0"

[[projects]]
  branch = "master"
  digest = "1:25669705148ddd7f3722e83f067d9df3196005005e2e0ba1fb75e8b1fdd9c37a"
  name = "github.com/emirpasic/gods"
  packages = [
    "containers",
    "maps",
    "maps/treemap",
    "trees",
    "trees/redblacktree",
    "utils",
  ]
  pruneopts = ""
  revision = "bba54c718c4e39e4db35f73e0c660df44a4de4cd"

[[projects]]
  branch = "master"
  digest = "1:88b37f144a80737f9e5cd50c887c00c2f3c7211257f884b8b80ce97e61ed1ccb"
  name = "github.com/facebookgo/clock"
  packages = ["."]
  pruneopts = ""
  revision = "600d898af40aa09a7a93ecb9265d87b0504b6f03"

[[projects]]
  branch = "master"
  digest = "1:4d155cadf4e610eb70c9f2e6e83218374c9d49272ce1b44b415df45184c872e0"
  name = "github.com/fatih/color"
  packages = ["."]
  pruneopts = ""
  revision = "2d684516a8861da43017284349b7e303e809ac21"

[[projects]]
  branch = "master"
  digest = "1:1899d7e4fedddc614b1af27d533dd2ab6656c376cea3cdba1ba073916faeebac"
  name = "github.com/gocql/gocql"
  packages = [
    ".",
    "internal/lru",
    "internal/murmur",
    "internal/streams",
  ]
  pruneopts = ""
  revision = "045d8d6abc70b5bd02bb18b8fdb05ee54d8c87aa"

[[projects]]
  digest = "1:73a7106c799f98af4f3da7552906efc6a2570329f4cd2d2f5fb8f9d6c053ff2f"
  name = "github.com/golang/mock"
  packages = ["gomock"]
  pruneopts = ""
  revision = "c34cdb4725f4c3844d095133c6e40e448b86589b"
  version = "v1.1.1"

[[projects]]
  digest = "1:f958a1c137db276e52f0b50efee41a1a389dcdded59a69711f3e872757dab34b"
  name = "github.com/golang/protobuf"
  packages = ["proto"]
  pruneopts = ""
  revision = "b4deda0973fb4c70b50d226b1af49f3da59f5265"
  version = "v1.1.0"

[[projects]]
  branch = "master"
  digest = "1:2a5888946cdbc8aa360fd43301f9fc7869d663f60d5eedae7d4e6e5e4f06f2bf"
  name = "github.com/golang/snappy"
  packages = ["."]
  pruneopts = ""
  revision = "2e65f85255dbc3072edf28d6b5b8efc472979f5a"

[[projects]]
  branch = "master"
  digest = "1:60b7bc5e043a11213472ae05252527287d20e0a6ccc18f6ae67fad88e41004de"
  name = "github.com/hailocab/go-hostpool"
  packages = ["."]
  pruneopts = ""
  revision = "e80d13ce29ede4452c43dea11e79b9bc8a15b478"

[[projects]]
  digest = "1:9ea83adf8e96d6304f394d40436f2eb44c1dc3250d223b74088cc253a6cd0a1c"
  name = "github.com/mattn/go-colorable"
  packages = ["."]
  pruneopts = ""
  revision = "167de6bfdfba052fa6b2d3664c8f5272e23c9072"
  version = "v0.0.9"

[[projects]]
  digest = "1:78229b46ddb7434f881390029bd1af7661294af31f6802e0e1bedaad4ab0af3c"
  name = "github.com/mattn/go-isatty"
  packages = ["."]
  pruneopts = ""
  revision = "0360b2af4f38e8d38c7fce2a9f4e702702d73a39"
  version = "v0.0.3"

[[projects]]
  digest = "1:81e673df85e765593a863f67cba4544cf40e8919590f04d67664940786c2b61a"
  name = "github.com/mattn/go-runewidth"
  packages = ["."]
  pruneopts = ""
  revision = "9e777a8366cce605130a531d2cd6363d07ad7317"
  version = "v0.0.2"

[[projects]]
  digest = "1:63722a4b1e1717be7b98fc686e0b30d5e7f734b9e93d7dee86293b6deab7ea28"
  name = "github.com/matttproud/golang_protobuf_extensions"
  packages = ["pbutil"]
  pruneopts = ""
  revision = "c12348ce28de40eed0136aa2b644d0ee0650e56c"
  version = "v1.0.1"

[[projects]]
  branch = "master"
  digest = "1:816e800c7b5689e114c0dc6acf494553d1e7a52575764c5d6de67fb32bd8bbb2"
  name = "github.com/olekukonko/tablewriter"
  packages = ["."]
  pruneopts = ""
  revision = "d4647c9c7a84d847478d890b816b7d8b62b0b279"

[[projects]]
  digest = "1:78fb99d6011c2ae6c72f3293a83951311147b12b06a5ffa43abf750c4fab6ac5"
  name = "github.com/opentracing/opentracing-go"
  packages = [
    ".",
    "ext",
    "log",
  ]
  pruneopts = ""
  revision = "1949ddbfd147afd4d964a9f00b24eb291e0e7c38"
  version = "v1.0.2"

[[projects]]
  digest = "1:63e142fc50307bcb3c57494913cfc9c12f6061160bdf97a678f78c71615f939b"
  name = "github.com/pborman/uuid"
  packages = ["."]
  pruneopts = ""
  revision = "e790cca94e6cc75c7064b1332e63811d4aae1a53"
  version = "v1.1"

[[projects]]
  digest = "1:29e34e58f26655c4d73135cdfc0517ea2ff1483eff34e5d5ef4b6fddbb81e31b"
  name = "github.com/pierrec/lz4"
  packages = [
    ".",
    "internal/xxh32",
  ]
  pruneopts = ""
  revision = "1958fd8fff7f115e79725b1288e0b878b3e06b00"
  version = "v2.0.3"

[[projects]]
  digest = "1:256484dbbcd271f9ecebc6795b2df8cad4c458dd0f5fd82a8c2fa0c29f233411"
  name = "github.com/pmezard/go-difflib"
  packages = ["difflib"]
  pruneopts = ""
  revision = "792786c7400a136282c1664665ae0a8db921c6c2"
  version = "v1.0.0"

[[projects]]
  digest = "1:4142d94383572e74b42352273652c62afec5b23f325222ed09198f46009022d1"
  name = "github.com/prometheus/client_golang"
  packages = [
    "prometheus",
    "prometheus/promhttp",
  ]
  pruneopts = ""
  revision = "c5b7fccd204277076155f10851dad72b76a49317"
  version = "v0.8.0"

[[projects]]
  branch = "master"
  digest = "1:185cf55b1f44a1bf243558901c3f06efa5c64ba62cfdcbb1bf7bbe8c3fb68561"
  name = "github.com/prometheus/client_model"
  packages = ["go"]
  pruneopts = ""
  revision = "5c3871d89910bfb32f5fcab2aa4b9ec68e65a99f"

[[projects]]
  branch = "master"
  digest = "1:f477ef7b65d94fb17574fc6548cef0c99a69c1634ea3b6da248b63a61ebe0498"
  name = "github.com/prometheus/common"
  packages = [
    "expfmt",
    "internal/bitbucket.org/ww/goautoneg",
    "model",
  ]
  pruneopts = ""
  revision = "c7de2306084e37d54b8be01f3541a8464345e9a5"

[[projects]]
  branch = "master"
  digest = "1:e04aaa0e8f8da0ed3d6c0700bd77eda52a47f38510063209d72d62f0ef807d5e"
  name = "github.com/prometheus/procfs"
  packages = [
    ".",
    "internal/util",
    "nfs",
    "xfs",
  ]
  pruneopts = ""
  revision = "05ee40e3a273f7245e8777337fc7b46e533a9a92"

[[projects]]
  branch = "master"
  digest = "1:15bcdc717654ef21128e8af3a63eec39a6d08a830e297f93d65163f87c8eb523"
  name = "github.com/rcrowley/go-metrics"
  packages = ["."]
  pruneopts = ""
  revision = "e2704e165165ec55d062f5919b4b29494e9fa790"

[[projects]]
  branch = "master"
  digest = "1:56de39853758a4b6053a3f71e527305bbed11a0d876156e32e8cc7180d36198b"
  name = "github.com/sirupsen/logrus"
  packages = ["."]
  pruneopts = ""
  revision = "d329d24db4313262a3b0a24d8aeb1dc4bd294fb0"

[[projects]]
  digest = "1:711eebe744c0151a9d09af2315f0bb729b2ec7637ef4c410fa90a18ef74b65b6"
  name = "github.com/stretchr/objx"
  packages = ["."]
  pruneopts = ""
  revision = "477a77ecc69700c7cdeb1fa9e129548e1c1c393c"
  version = "v0.1.1"

[[projects]]
  digest = "1:c587772fb8ad29ad4db67575dad25ba17a51f072ff18a22b4f0257a4d9c24f75"
  name = "github.com/stretchr/testify"
  packages = [
    "assert",
    "mock",
    "require",
    "suite",
  ]
  pruneopts = ""
  revision = "f35b8ab0b5a2cef36673838d662e249dd9c94686"
  version = "v1.2.2"

[[projects]]
  branch = "master"
  digest = "1:c833a97fbedee1411da93acb987c77991982b5db4f3cab14b51d817d49471af2"
  name = "github.com/uber-common/bark"
  packages = ["."]
  pruneopts = ""
  revision = "ccbdb38cd12f61e426257603fd840c99f124d87b"

[[projects]]
  digest = "1:74f86c458e82e1c4efbab95233e0cf51b7cc02dc03193be9f62cd81224e10401"
  name = "github.com/uber-go/atomic"
  packages = ["."]
  pruneopts = ""
  revision = "1ea20fb1cbb1cc08cbd0d913a96dead89aa18289"
  version = "v1.3.2"

[[projects]]
  digest = "1:f5396ad35a4d3fa3a1f7b10a89d3b8c139627032f7c8ceb0033fc1cf81263c90"
  name = "github.com/uber-go/kafka-client"
  packages = [
    ".",
    "internal/consumer",
    "internal/list",
    "internal/metrics",
    "internal/util",
    "kafka",
  ]
  pruneopts = ""
  revision = "00989e791b59fd36721373f9b0bec0894e93088b"
  version = "v0.2.0"

[[projects]]
  digest = "1:861312e1c66a6935183495ad08db511fb7cf434a9da12c49d0be9b7725f3a22b"
  name = "github.com/uber-go/mapdecode"
  packages = [
    ".",
    "internal/mapstructure",
  ]
  pruneopts = ""
  revision = "718b4994083e432669f44a00174c5f1bcdb1434d"
  version = "v1.0.0"

[[projects]]
  digest = "1:ee7dcf2893e4b2d42a03c0ace5a37573bb31b437c15706a40c51bb57fab2062f"
  name = "github.com/uber-go/tally"
  packages = [
    ".",
    "m3",
    "m3/customtransports",
    "m3/thrift",
    "m3/thriftudp",
    "statsd",
  ]
  pruneopts = ""
  revision = "ff17f3c43c065c3c2991f571e740eee43ea3a14a"
  version = "v3.3.7"

[[projects]]
  digest = "1:86555acbb9507153d3cd0d032e07279ba89e38aadc8200cfca3b5d14c98b4daf"
  name = "github.com/uber/ringpop-go"
  packages = [
    ".",
    "discovery",
    "discovery/jsonfile",
    "discovery/statichosts",
    "events",
    "forward",
    "hashring",
    "logging",
    "membership",
    "shared",
    "swim",
    "util",
  ]
  pruneopts = ""
  revision = "08d399785ee54fdae8e4bd8b7b481673f52739cc"
  version = "v0.8.5"

[[projects]]
  digest = "1:9efd9e56678ac59956b618332b2e3b3b98b3ec087fb3f1fbe4f34fed7ba81050"
  name = "github.com/uber/tchannel-go"
  packages = [
    ".",
    "internal/argreader",
    "json",
    "raw",
    "relay",
    "thrift",
    "thrift/gen-go/meta",
    "tnet",
    "tos",
    "trand",
    "typed",
  ]
  pruneopts = ""
  revision = "7f5c12c66261f3ac3c5dde959d65eed59e3b63af"
  version = "v1.11.0"

[[projects]]
  branch = "master"
  digest = "1:2c3cdaaa7ac9f06021636d163884979d008b3c5148203923c3448a0c974d608c"
  name = "github.com/urfave/cli"
  packages = ["."]
  pruneopts = ""
  revision = "8e01ec4cd3e2d84ab2fe90d8210528ffbb06d8ff"

[[projects]]
  digest = "1:74f86c458e82e1c4efbab95233e0cf51b7cc02dc03193be9f62cd81224e10401"
  name = "go.uber.org/atomic"
  packages = ["."]
  pruneopts = ""
  revision = "1ea20fb1cbb1cc08cbd0d913a96dead89aa18289"
  version = "v1.3.2"

[[projects]]
  digest = "1:698e8681e10cd9e80245bbe211830884c0a77f29d01a9dacee05d8eda050f2b8"
  name = "go.uber.org/cadence"
  packages = [
    ".gen/go/admin",
    ".gen/go/admin/adminserviceclient",
    ".gen/go/admin/adminservicetest",
    ".gen/go/cadence",
    ".gen/go/cadence/workflowserviceclient",
    ".gen/go/cadence/workflowservicetest",
    ".gen/go/shared",
    "activity",
    "client",
    "encoded",
    "internal",
    "internal/common",
    "internal/common/backoff",
    "internal/common/cache",
    "internal/common/metrics",
    "internal/common/util",
    "worker",
    "workflow",
  ]
  pruneopts = ""
  revision = "4be6b261f85aa232e8d1a22b520929a1c0c67a16"
  version = "v0.7.3"

[[projects]]
  digest = "1:22c7effcb4da0eacb2bb1940ee173fac010e9ef3c691f5de4b524d538bd980f5"
  name = "go.uber.org/multierr"
  packages = ["."]
  pruneopts = ""
  revision = "3c4937480c32f4c13a875a1829af76c98ca3d40a"
  version = "v1.1.0"

[[projects]]
  digest = "1:320b11edb503bbca6727a6e2d9bb67817c3e0c53780650cb4064142f22b4981a"
  name = "go.uber.org/net/metrics"
  packages = [
    ".",
    "bucket",
    "push",
    "tallypush",
  ]
  pruneopts = ""
  revision = "1e19de5b971489a45d178e12a0f72a78c70e300e"
  version = "v1.0.1"

[[projects]]
  digest = "1:db062060cb2a3d78c695916dc55e6d8fc74b0d239f959cc6a8aa55686478d0bb"
  name = "go.uber.org/thriftrw"
  packages = [
    "envelope",
    "internal/envelope/exception",
    "protocol",
    "protocol/binary",
    "thriftreflect",
    "version",
    "wire",
  ]
  pruneopts = ""
  revision = "fb439a9a7f5a388d8606aae1c1ff6654b8b67fbe"
  version = "v1.12.0"

[[projects]]
  digest = "1:e78af7b4d451603f46e5aa2f1ca6c9598a2a26390d5ecb767c46c67f3b9c7a36"
  name = "go.uber.org/yarpc"
  packages = [
    ".",
    "api/backoff",
    "api/encoding",
    "api/middleware",
    "api/peer",
    "api/transport",
    "encoding/thrift",
    "encoding/thrift/internal",
    "internal",
    "internal/backoff",
    "internal/bufferpool",
    "internal/config",
    "internal/digester",
    "internal/errorsync",
    "internal/humanize",
    "internal/inboundmiddleware",
    "internal/interpolate",
    "internal/introspection",
    "internal/iopool",
    "internal/observability",
    "internal/outboundmiddleware",
    "internal/request",
    "internal/yarpcerrors",
    "peer",
    "peer/hostport",
    "pkg/encoding",
    "pkg/errors",
    "pkg/lifecycle",
    "pkg/procedure",
    "transport/tchannel",
    "transport/tchannel/internal",
    "yarpcconfig",
    "yarpcerrors",
  ]
  pruneopts = ""
  revision = "fc2d75d3b5e30fc81e5dc2375667bbd6333b0099"
  version = "v1.31.0"

[[projects]]
  digest = "1:eaa05fe9a5f420e6a79ba174682f0883b5e44b74ed0680b9e3c3b5648485e30f"
  name = "go.uber.org/zap"
  packages = [
    ".",
    "buffer",
    "internal/bufferpool",
    "internal/color",
    "internal/exit",
    "zapcore",
  ]
  pruneopts = ""
  revision = "4d45f9617f7d90f7a663ff21c7a4321dbe78098b"
  version = "v1.9.0"

[[projects]]
  branch = "master"
  digest = "1:6acb37854006d86279ba349ff9ae07103a0956569d0eb8dca9fe38732222e3a5"
  name = "golang.org/x/crypto"
  packages = ["ssh/terminal"]
  pruneopts = ""
  revision = "56440b844dfe139a8ac053f4ecac0b20b79058f4"

[[projects]]
  branch = "master"
  digest = "1:b970d5e8b11b4c8927a06298566eb8daf66a009702688b4142cc2a961e374e91"
  name = "golang.org/x/net"
  packages = [
    "bpf",
    "context",
    "internal/iana",
    "internal/socket",
    "ipv4",
    "ipv6",
  ]
  pruneopts = ""
  revision = "f4c29de78a2a91c00474a2e689954305c350adf9"
  source = "https://github.com/golang/net"

[[projects]]
  branch = "master"
  digest = "1:9ca540a348c8f7bc0eb140238fe1639beebe93f2b19ef326c455f4833ba708c0"
  name = "golang.org/x/sys"
  packages = [
    "unix",
    "windows",
  ]
  pruneopts = ""
  revision = "0ffbfd41fbef8ffcf9b62b0b0aa3a5873ed7a4fe"

[[projects]]
  branch = "master"
  digest = "1:55a681cb66f28755765fa5fa5104cbd8dc85c55c02d206f9f89566451e3fe1aa"
  name = "golang.org/x/time"
  packages = ["rate"]
  pruneopts = ""
  revision = "fbb02b2291d28baffd63558aa44b4b56f178d650"

[[projects]]
  digest = "1:75fb3fcfc73a8c723efde7777b40e8e8ff9babf30d8c56160d01beffea8a95a6"
  name = "gopkg.in/inf.v0"
  packages = ["."]
  pruneopts = ""
  revision = "d2d2541c53f18d2a059457998ce2876cc8e67cbf"
  version = "v0.9.1"

[[projects]]
  branch = "v2"
  digest = "1:bf922c860f64bb6372daa82bb9c1e8ed144e97ac7587efa80d08b4e98737e9ea"
  name = "gopkg.in/validator.v2"
  packages = ["."]
  pruneopts = ""
  revision = "135c24b11c19e52befcae2ec3fca5d9b78c4e98e"

[[projects]]
  digest = "1:f0620375dd1f6251d9973b5f2596228cc8042e887cd7f827e4220bc1ce8c30e2"
  name = "gopkg.in/yaml.v2"
  packages = ["."]
  pruneopts = ""
  revision = "5420a8b6744d3b0345ab293f6fcba19c978f1183"
  version = "v2.2.1"

[solve-meta]
  analyzer-name = "dep"
  analyzer-version = 1
  input-imports = [
    "github.com/Shopify/sarama",
    "github.com/apache/thrift/lib/go/thrift",
    "github.com/cactus/go-statsd-client/statsd",
    "github.com/davecgh/go-spew/spew",
    "github.com/dgryski/go-farm",
    "github.com/emirpasic/gods/maps/treemap",
    "github.com/fatih/color",
    "github.com/gocql/gocql",
    "github.com/golang/mock/gomock",
    "github.com/olekukonko/tablewriter",
    "github.com/pborman/uuid",
    "github.com/sirupsen/logrus",
    "github.com/stretchr/testify/assert",
    "github.com/stretchr/testify/mock",
    "github.com/stretchr/testify/require",
    "github.com/stretchr/testify/suite",
    "github.com/uber-common/bark",
    "github.com/uber-go/kafka-client",
    "github.com/uber-go/kafka-client/kafka",
    "github.com/uber-go/tally",
    "github.com/uber-go/tally/m3",
    "github.com/uber-go/tally/statsd",
    "github.com/uber/ringpop-go",
    "github.com/uber/ringpop-go/discovery",
    "github.com/uber/ringpop-go/discovery/jsonfile",
    "github.com/uber/ringpop-go/discovery/statichosts",
    "github.com/uber/ringpop-go/events",
    "github.com/uber/ringpop-go/hashring",
    "github.com/uber/ringpop-go/swim",
    "github.com/uber/tchannel-go",
    "github.com/urfave/cli",
    "go.uber.org/atomic",
    "go.uber.org/cadence/.gen/go/admin",
    "go.uber.org/cadence/.gen/go/admin/adminserviceclient",
    "go.uber.org/cadence/.gen/go/admin/adminservicetest",
    "go.uber.org/cadence/.gen/go/cadence/workflowserviceclient",
    "go.uber.org/cadence/.gen/go/cadence/workflowservicetest",
    "go.uber.org/cadence/.gen/go/shared",
    "go.uber.org/cadence/activity",
    "go.uber.org/cadence/client",
    "go.uber.org/cadence/encoded",
    "go.uber.org/cadence/worker",
    "go.uber.org/cadence/workflow",
    "go.uber.org/thriftrw/protocol",
    "go.uber.org/thriftrw/thriftreflect",
    "go.uber.org/thriftrw/wire",
    "go.uber.org/yarpc",
    "go.uber.org/yarpc/api/transport",
    "go.uber.org/yarpc/encoding/thrift",
    "go.uber.org/yarpc/transport/tchannel",
    "go.uber.org/yarpc/yarpcerrors",
    "go.uber.org/zap",
    "golang.org/x/net/context",
    "golang.org/x/time/rate",
    "gopkg.in/validator.v2",
    "gopkg.in/yaml.v2",
  ]
  solver-name = "gps-cdcl"
  solver-version = 1
